{
  "name": "hello",
  "version": "1.0.0",
  "lockfileVersion": 1,
  "requires": true,
  "dependencies": {
    "primer-base": {
      "version": "1.7.1",
      "resolved": "https://registry.npmjs.org/primer-base/-/primer-base-1.7.1.tgz",
      "integrity": "sha1-D3R72ckXYCGYRoZLn11xRxRiUkQ=",
      "requires": {
        "primer-support": "4.5.3"
      }
    },
    "primer-layout": {
      "version": "1.4.6",
      "resolved": "https://registry.npmjs.org/primer-layout/-/primer-layout-1.4.6.tgz",
      "integrity": "sha1-9YfBdscA5X3arpO65utYoToUsY0=",
      "requires": {
        "primer-support": "4.5.3"
      }
    },
    "primer-markdown": {
      "version": "3.7.6",
      "resolved": "https://registry.npmjs.org/primer-markdown/-/primer-markdown-3.7.6.tgz",
      "integrity": "sha1-gPYXkItMT9cbqeAHES2N4OEguYU=",
      "requires": {
        "primer-support": "4.5.3"
      }
    },
    "primer-support": {
      "version": "4.5.3",
      "resolved": "https://registry.npmjs.org/primer-support/-/primer-support-4.5.3.tgz",
      "integrity": "sha1-2lHYjRZbRuYJWR06MCXlN1kq/Ns="
    },
    "primer-utilities": {
      "version": "4.10.0",
      "resolved": "https://registry.npmjs.org/primer-utilities/-/primer-utilities-4.10.0.tgz",
      "integrity": "sha1-kRTrc322Ww1uCw8YLOEXz0E6LCs=",
      "requires": {
        "primer-support": "4.5.3"
      }
    }
  }
}
